
Microsoft Visual Studio Solution File, Format Version 12.00
Project("{FAE04EC0-301F-11D3-BF4B-00C04F79EFBC}") = "DataBaseWorks", "DataBaseWorks\DataBaseWorks.csproj", "{55686F23-C260-4FAD-81A0-3D7538F42196}"
EndProject
Project("{FAE04EC0-301F-11D3-BF4B-00C04F79EFBC}") = "GetDataWithOrmAndApi", "GetDataWithOrmAndApi\GetDataWithOrmAndApi.csproj", "{35171A5D-31D1-417C-B5DC-53C5C7E532F7}"
EndProject
Global
	GlobalSection(SolutionConfigurationPlatforms) = preSolution
		Debug|Any CPU = Debug|Any CPU
		Release|Any CPU = Release|Any CPU
	EndGlobalSection
	GlobalSection(ProjectConfigurationPlatforms) = postSolution
		{55686F23-C260-4FAD-81A0-3D7538F42196}.Debug|Any CPU.ActiveCfg = Debug|Any CPU
		{55686F23-C260-4FAD-81A0-3D7538F42196}.Debug|Any CPU.Build.0 = Debug|Any CPU
		{55686F23-C260-4FAD-81A0-3D7538F42196}.Release|Any CPU.ActiveCfg = Release|Any CPU
		{55686F23-C260-4FAD-81A0-3D7538F42196}.Release|Any CPU.Build.0 = Release|Any CPU
		{35171A5D-31D1-417C-B5DC-53C5C7E532F7}.Debug|Any CPU.ActiveCfg = Debug|Any CPU
		{35171A5D-31D1-417C-B5DC-53C5C7E532F7}.Debug|Any CPU.Build.0 = Debug|Any CPU
		{35171A5D-31D1-417C-B5DC-53C5C7E532F7}.Release|Any CPU.ActiveCfg = Release|Any CPU
		{35171A5D-31D1-417C-B5DC-53C5C7E532F7}.Release|Any CPU.Build.0 = Release|Any CPU
	EndGlobalSection
EndGlobal
